// !$*UTF8*$!
{
	archiveVersion = 1;
	classes = {
	};
	objectVersion = 48;
	objects = {

/* Begin PBXBuildFile section */
		0A508BA146BB90F36BE8F6FD /* Pods_AnswersProvider.framework in Frameworks */ = {isa = PBXBuildFile; fileRef = 718B2D530543DFAE3631A123 /* Pods_AnswersProvider.framework */; };
		97E0D2FC1FE9227300BC8177 /* AnswersProvider.framework in Frameworks */ = {isa = PBXBuildFile; fileRef = 97E0D2F21FE9227300BC8177 /* AnswersProvider.framework */; };
		97E0D3011FE9227300BC8177 /* AnswersProviderTests.swift in Sources */ = {isa = PBXBuildFile; fileRef = 97E0D3001FE9227300BC8177 /* AnswersProviderTests.swift */; };
		97E0D3031FE9227300BC8177 /* AnswersProvider.h in Headers */ = {isa = PBXBuildFile; fileRef = 97E0D2F51FE9227300BC8177 /* AnswersProvider.h */; settings = {ATTRIBUTES = (Public, ); }; };
		97E0D30D1FE9228600BC8177 /* AnswersProvider.swift in Sources */ = {isa = PBXBuildFile; fileRef = 97E0D30C1FE9228600BC8177 /* AnswersProvider.swift */; };
/* End PBXBuildFile section */

/* Begin PBXContainerItemProxy section */
		97E0D2FD1FE9227300BC8177 /* PBXContainerItemProxy */ = {
			isa = PBXContainerItemProxy;
			containerPortal = 97E0D2E91FE9227300BC8177 /* Project object */;
			proxyType = 1;
			remoteGlobalIDString = 97E0D2F11FE9227300BC8177;
			remoteInfo = AnswersProvider;
		};
/* End PBXContainerItemProxy section */

/* Begin PBXFileReference section */
		718B2D530543DFAE3631A123 /* Pods_AnswersProvider.framework */ = {isa = PBXFileReference; explicitFileType = wrapper.framework; includeInIndex = 0; path = Pods_AnswersProvider.framework; sourceTree = BUILT_PRODUCTS_DIR; };
		97E0D2F21FE9227300BC8177 /* AnswersProvider.framework */ = {isa = PBXFileReference; explicitFileType = wrapper.framework; includeInIndex = 0; path = AnswersProvider.framework; sourceTree = BUILT_PRODUCTS_DIR; };
		97E0D2F51FE9227300BC8177 /* AnswersProvider.h */ = {isa = PBXFileReference; lastKnownFileType = sourcecode.c.h; path = AnswersProvider.h; sourceTree = "<group>"; };
		97E0D2F61FE9227300BC8177 /* Info.plist */ = {isa = PBXFileReference; lastKnownFileType = text.plist.xml; path = Info.plist; sourceTree = "<group>"; };
		97E0D2FB1FE9227300BC8177 /* AnswersProviderTests.xctest */ = {isa = PBXFileReference; explicitFileType = wrapper.cfbundle; includeInIndex = 0; path = AnswersProviderTests.xctest; sourceTree = BUILT_PRODUCTS_DIR; };
		97E0D3001FE9227300BC8177 /* AnswersProviderTests.swift */ = {isa = PBXFileReference; lastKnownFileType = sourcecode.swift; path = AnswersProviderTests.swift; sourceTree = "<group>"; };
		97E0D3021FE9227300BC8177 /* Info.plist */ = {isa = PBXFileReference; lastKnownFileType = text.plist.xml; path = Info.plist; sourceTree = "<group>"; };
		97E0D30C1FE9228600BC8177 /* AnswersProvider.swift */ = {isa = PBXFileReference; lastKnownFileType = sourcecode.swift; path = AnswersProvider.swift; sourceTree = "<group>"; };
		9877B265EDC2EF597BD36A76 /* Pods-AnswersProvider.release.xcconfig */ = {isa = PBXFileReference; includeInIndex = 1; lastKnownFileType = text.xcconfig; name = "Pods-AnswersProvider.release.xcconfig"; path = "Pods/Target Support Files/Pods-AnswersProvider/Pods-AnswersProvider.release.xcconfig"; sourceTree = "<group>"; };
		D9E09E0DE860B563CF270315 /* Pods-AnswersProvider.debug.xcconfig */ = {isa = PBXFileReference; includeInIndex = 1; lastKnownFileType = text.xcconfig; name = "Pods-AnswersProvider.debug.xcconfig"; path = "Pods/Target Support Files/Pods-AnswersProvider/Pods-AnswersProvider.debug.xcconfig"; sourceTree = "<group>"; };
/* End PBXFileReference section */

/* Begin PBXFrameworksBuildPhase section */
		97E0D2EE1FE9227300BC8177 /* Frameworks */ = {
			isa = PBXFrameworksBuildPhase;
			buildActionMask = 2147483647;
			files = (
				0A508BA146BB90F36BE8F6FD /* Pods_AnswersProvider.framework in Frameworks */,
			);
			runOnlyForDeploymentPostprocessing = 0;
		};
		97E0D2F81FE9227300BC8177 /* Frameworks */ = {
			isa = PBXFrameworksBuildPhase;
			buildActionMask = 2147483647;
			files = (
				97E0D2FC1FE9227300BC8177 /* AnswersProvider.framework in Frameworks */,
			);
			runOnlyForDeploymentPostprocessing = 0;
		};
/* End PBXFrameworksBuildPhase section */

/* Begin PBXGroup section */
		1AAE4DE58E7C21FBDF1AB19D /* Frameworks */ = {
			isa = PBXGroup;
			children = (
				718B2D530543DFAE3631A123 /* Pods_AnswersProvider.framework */,
			);
			name = Frameworks;
			sourceTree = "<group>";
		};
		55B3A9ABDA9753FD7E8092DE /* Pods */ = {
			isa = PBXGroup;
			children = (
				D9E09E0DE860B563CF270315 /* Pods-AnswersProvider.debug.xcconfig */,
				9877B265EDC2EF597BD36A76 /* Pods-AnswersProvider.release.xcconfig */,
			);
			name = Pods;
			sourceTree = "<group>";
		};
		97E0D2E81FE9227300BC8177 = {
			isa = PBXGroup;
			children = (
				97E0D2F41FE9227300BC8177 /* AnswersProvider */,
				97E0D2FF1FE9227300BC8177 /* AnswersProviderTests */,
				97E0D2F31FE9227300BC8177 /* Products */,
				55B3A9ABDA9753FD7E8092DE /* Pods */,
				1AAE4DE58E7C21FBDF1AB19D /* Frameworks */,
			);
			sourceTree = "<group>";
		};
		97E0D2F31FE9227300BC8177 /* Products */ = {
			isa = PBXGroup;
			children = (
				97E0D2F21FE9227300BC8177 /* AnswersProvider.framework */,
				97E0D2FB1FE9227300BC8177 /* AnswersProviderTests.xctest */,
			);
			name = Products;
			sourceTree = "<group>";
		};
		97E0D2F41FE9227300BC8177 /* AnswersProvider */ = {
			isa = PBXGroup;
			children = (
				97E0D2F51FE9227300BC8177 /* AnswersProvider.h */,
				97E0D30C1FE9228600BC8177 /* AnswersProvider.swift */,
				97E0D2F61FE9227300BC8177 /* Info.plist */,
			);
			path = AnswersProvider;
			sourceTree = "<group>";
		};
		97E0D2FF1FE9227300BC8177 /* AnswersProviderTests */ = {
			isa = PBXGroup;
			children = (
				97E0D3001FE9227300BC8177 /* AnswersProviderTests.swift */,
				97E0D3021FE9227300BC8177 /* Info.plist */,
			);
			path = AnswersProviderTests;
			sourceTree = "<group>";
		};
/* End PBXGroup section */

/* Begin PBXHeadersBuildPhase section */
		97E0D2EF1FE9227300BC8177 /* Headers */ = {
			isa = PBXHeadersBuildPhase;
			buildActionMask = 2147483647;
			files = (
				97E0D3031FE9227300BC8177 /* AnswersProvider.h in Headers */,
			);
			runOnlyForDeploymentPostprocessing = 0;
		};
/* End PBXHeadersBuildPhase section */

/* Begin PBXNativeTarget section */
		97E0D2F11FE9227300BC8177 /* AnswersProvider */ = {
			isa = PBXNativeTarget;
			buildConfigurationList = 97E0D3061FE9227300BC8177 /* Build configuration list for PBXNativeTarget "AnswersProvider" */;
			buildPhases = (
				F29E437676C389A6B0647D06 /* [CP] Check Pods Manifest.lock */,
				97E0D2ED1FE9227300BC8177 /* Sources */,
				97E0D2EE1FE9227300BC8177 /* Frameworks */,
				97E0D2EF1FE9227300BC8177 /* Headers */,
				97E0D2F01FE9227300BC8177 /* Resources */,
				47584A2ED86BBDD8B98A2481 /* [CP] Copy Pods Resources */,
			);
			buildRules = (
			);
			dependencies = (
			);
			name = AnswersProvider;
			productName = AnswersProvider;
			productReference = 97E0D2F21FE9227300BC8177 /* AnswersProvider.framework */;
			productType = "com.apple.product-type.framework";
		};
		97E0D2FA1FE9227300BC8177 /* AnswersProviderTests */ = {
			isa = PBXNativeTarget;
			buildConfigurationList = 97E0D3091FE9227300BC8177 /* Build configuration list for PBXNativeTarget "AnswersProviderTests" */;
			buildPhases = (
				97E0D2F71FE9227300BC8177 /* Sources */,
				97E0D2F81FE9227300BC8177 /* Frameworks */,
				97E0D2F91FE9227300BC8177 /* Resources */,
			);
			buildRules = (
			);
			dependencies = (
				97E0D2FE1FE9227300BC8177 /* PBXTargetDependency */,
			);
			name = AnswersProviderTests;
			productName = AnswersProviderTests;
			productReference = 97E0D2FB1FE9227300BC8177 /* AnswersProviderTests.xctest */;
			productType = "com.apple.product-type.bundle.unit-test";
		};
/* End PBXNativeTarget section */

/* Begin PBXProject section */
		97E0D2E91FE9227300BC8177 /* Project object */ = {
			isa = PBXProject;
			attributes = {
				LastSwiftUpdateCheck = 0920;
				LastUpgradeCheck = 0920;
				ORGANIZATIONNAME = "Mario Hahn";
				TargetAttributes = {
					97E0D2F11FE9227300BC8177 = {
						CreatedOnToolsVersion = 9.2;
						LastSwiftMigration = 0920;
						ProvisioningStyle = Automatic;
					};
					97E0D2FA1FE9227300BC8177 = {
						CreatedOnToolsVersion = 9.2;
						ProvisioningStyle = Automatic;
					};
				};
			};
			buildConfigurationList = 97E0D2EC1FE9227300BC8177 /* Build configuration list for PBXProject "AnswersProvider" */;
			compatibilityVersion = "Xcode 8.0";
			developmentRegion = en;
			hasScannedForEncodings = 0;
			knownRegions = (
				en,
			);
			mainGroup = 97E0D2E81FE9227300BC8177;
			productRefGroup = 97E0D2F31FE9227300BC8177 /* Products */;
			projectDirPath = "";
			projectRoot = "";
			targets = (
				97E0D2F11FE9227300BC8177 /* AnswersProvider */,
				97E0D2FA1FE9227300BC8177 /* AnswersProviderTests */,
			);
		};
/* End PBXProject section */

/* Begin PBXResourcesBuildPhase section */
		97E0D2F01FE9227300BC8177 /* Resources */ = {
			isa = PBXResourcesBuildPhase;
			buildActionMask = 2147483647;
			files = (
			);
			runOnlyForDeploymentPostprocessing = 0;
		};
		97E0D2F91FE9227300BC8177 /* Resources */ = {
			isa = PBXResourcesBuildPhase;
			buildActionMask = 2147483647;
			files = (
			);
			runOnlyForDeploymentPostprocessing = 0;
		};
/* End PBXResourcesBuildPhase section */

/* Begin PBXShellScriptBuildPhase section */
		47584A2ED86BBDD8B98A2481 /* [CP] Copy Pods Resources */ = {
			isa = PBXShellScriptBuildPhase;
			buildActionMask = 2147483647;
			files = (
			);
			inputPaths = (
			);
			name = "[CP] Copy Pods Resources";
			outputPaths = (
			);
			runOnlyForDeploymentPostprocessing = 0;
			shellPath = /bin/sh;
			shellScript = "\"${SRCROOT}/Pods/Target Support Files/Pods-AnswersProvider/Pods-AnswersProvider-resources.sh\"\n";
			showEnvVarsInLog = 0;
		};
		F29E437676C389A6B0647D06 /* [CP] Check Pods Manifest.lock */ = {
			isa = PBXShellScriptBuildPhase;
			buildActionMask = 2147483647;
			files = (
			);
			inputPaths = (
				"${PODS_PODFILE_DIR_PATH}/Podfile.lock",
				"${PODS_ROOT}/Manifest.lock",
			);
			name = "[CP] Check Pods Manifest.lock";
			outputPaths = (
				"$(DERIVED_FILE_DIR)/Pods-AnswersProvider-checkManifestLockResult.txt",
			);
			runOnlyForDeploymentPostprocessing = 0;
			shellPath = /bin/sh;
			shellScript = "diff \"${PODS_PODFILE_DIR_PATH}/Podfile.lock\" \"${PODS_ROOT}/Manifest.lock\" > /dev/null\nif [ $? != 0 ] ; then\n    # print error to STDERR\n    echo \"error: The sandbox is not in sync with the Podfile.lock. Run 'pod install' or update your CocoaPods installation.\" >&2\n    exit 1\nfi\n# This output is used by Xcode 'outputs' to avoid re-running this script phase.\necho \"SUCCESS\" > \"${SCRIPT_OUTPUT_FILE_0}\"\n";
			showEnvVarsInLog = 0;
		};
/* End PBXShellScriptBuildPhase section */

/* Begin PBXSourcesBuildPhase section */
		97E0D2ED1FE9227300BC8177 /* Sources */ = {
			isa = PBXSourcesBuildPhase;
			buildActionMask = 2147483647;
			files = (
				97E0D30D1FE9228600BC8177 /* AnswersProvider.swift in Sources */,
			);
			runOnlyForDeploymentPostprocessing = 0;
		};
		97E0D2F71FE9227300BC8177 /* Sources */ = {
			isa = PBXSourcesBuildPhase;
			buildActionMask = 2147483647;
			files = (
				97E0D3011FE9227300BC8177 /* AnswersProviderTests.swift in Sources */,
			);
			runOnlyForDeploymentPostprocessing = 0;
		};
/* End PBXSourcesBuildPhase section */

/* Begin PBXTargetDependency section */
		97E0D2FE1FE9227300BC8177 /* PBXTargetDependency */ = {
			isa = PBXTargetDependency;
			target = 97E0D2F11FE9227300BC8177 /* AnswersProvider */;
			targetProxy = 97E0D2FD1FE9227300BC8177 /* PBXContainerItemProxy */;
		};
/* End PBXTargetDependency section */

/* Begin XCBuildConfiguration section */
		97E0D3041FE9227300BC8177 /* Debug */ = {
			isa = XCBuildConfiguration;
			buildSettings = {
				ALWAYS_SEARCH_USER_PATHS = NO;
				CLANG_ANALYZER_NONNULL = YES;
				CLANG_ANALYZER_NUMBER_OBJECT_CONVERSION = YES_AGGRESSIVE;
				CLANG_CXX_LANGUAGE_STANDARD = "gnu++14";
				CLANG_CXX_LIBRARY = "libc++";
				CLANG_ENABLE_MODULES = YES;
				CLANG_ENABLE_OBJC_ARC = YES;
				CLANG_WARN_BLOCK_CAPTURE_AUTORELEASING = YES;
				CLANG_WARN_BOOL_CONVERSION = YES;
				CLANG_WARN_COMMA = YES;
				CLANG_WARN_CONSTANT_CONVERSION = YES;
				CLANG_WARN_DIRECT_OBJC_ISA_USAGE = YES_ERROR;
				CLANG_WARN_DOCUMENTATION_COMMENTS = YES;
				CLANG_WARN_EMPTY_BODY = YES;
				CLANG_WARN_ENUM_CONVERSION = YES;
				CLANG_WARN_INFINITE_RECURSION = YES;
				CLANG_WARN_INT_CONVERSION = YES;
				CLANG_WARN_NON_LITERAL_NULL_CONVERSION = YES;
				CLANG_WARN_OBJC_LITERAL_CONVERSION = YES;
				CLANG_WARN_OBJC_ROOT_CLASS = YES_ERROR;
				CLANG_WARN_RANGE_LOOP_ANALYSIS = YES;
				CLANG_WARN_STRICT_PROTOTYPES = YES;
				CLANG_WARN_SUSPICIOUS_MOVE = YES;
				CLANG_WARN_UNGUARDED_AVAILABILITY = YES_AGGRESSIVE;
				CLANG_WARN_UNREACHABLE_CODE = YES;
				CLANG_WARN__DUPLICATE_METHOD_MATCH = YES;
				CODE_SIGN_IDENTITY = "iPhone Developer";
				COPY_PHASE_STRIP = NO;
				CURRENT_PROJECT_VERSION = 1;
				DEBUG_INFORMATION_FORMAT = dwarf;
				ENABLE_STRICT_OBJC_MSGSEND = YES;
				ENABLE_TESTABILITY = YES;
				GCC_C_LANGUAGE_STANDARD = gnu11;
				GCC_DYNAMIC_NO_PIC = NO;
				GCC_NO_COMMON_BLOCKS = YES;
				GCC_OPTIMIZATION_LEVEL = 0;
				GCC_PREPROCESSOR_DEFINITIONS = (
					"DEBUG=1",
					"$(inherited)",
				);
				GCC_WARN_64_TO_32_BIT_CONVERSION = YES;
				GCC_WARN_ABOUT_RETURN_TYPE = YES_ERROR;
				GCC_WARN_UNDECLARED_SELECTOR = YES;
				GCC_WARN_UNINITIALIZED_AUTOS = YES_AGGRESSIVE;
				GCC_WARN_UNUSED_FUNCTION = YES;
				GCC_WARN_UNUSED_VARIABLE = YES;
				IPHONEOS_DEPLOYMENT_TARGET = 11.2;
				MTL_ENABLE_DEBUG_INFO = YES;
				ONLY_ACTIVE_ARCH = YES;
				SDKROOT = iphoneos;
				SWIFT_ACTIVE_COMPILATION_CONDITIONS = DEBUG;
				SWIFT_OPTIMIZATION_LEVEL = "-Onone";
				VERSIONING_SYSTEM = "apple-generic";
				VERSION_INFO_PREFIX = "";
			};
			name = Debug;
		};
		97E0D3051FE9227300BC8177 /* Release */ = {
			isa = XCBuildConfiguration;
			buildSettings = {
				ALWAYS_SEARCH_USER_PATHS = NO;
				CLANG_ANALYZER_NONNULL = YES;
				CLANG_ANALYZER_NUMBER_OBJECT_CONVERSION = YES_AGGRESSIVE;
				CLANG_CXX_LANGUAGE_STANDARD = "gnu++14";
				CLANG_CXX_LIBRARY = "libc++";
				CLANG_ENABLE_MODULES = YES;
				CLANG_ENABLE_OBJC_ARC = YES;
				CLANG_WARN_BLOCK_CAPTURE_AUTORELEASING = YES;
				CLANG_WARN_BOOL_CONVERSION = YES;
				CLANG_WARN_COMMA = YES;
				CLANG_WARN_CONSTANT_CONVERSION = YES;
				CLANG_WARN_DIRECT_OBJC_ISA_USAGE = YES_ERROR;
				CLANG_WARN_DOCUMENTATION_COMMENTS = YES;
				CLANG_WARN_EMPTY_BODY = YES;
				CLANG_WARN_ENUM_CONVERSION = YES;
				CLANG_WARN_INFINITE_RECURSION = YES;
				CLANG_WARN_INT_CONVERSION = YES;
				CLANG_WARN_NON_LITERAL_NULL_CONVERSION = YES;
				CLANG_WARN_OBJC_LITERAL_CONVERSION = YES;
				CLANG_WARN_OBJC_ROOT_CLASS = YES_ERROR;
				CLANG_WARN_RANGE_LOOP_ANALYSIS = YES;
				CLANG_WARN_STRICT_PROTOTYPES = YES;
				CLANG_WARN_SUSPICIOUS_MOVE = YES;
				CLANG_WARN_UNGUARDED_AVAILABILITY = YES_AGGRESSIVE;
				CLANG_WARN_UNREACHABLE_CODE = YES;
				CLANG_WARN__DUPLICATE_METHOD_MATCH = YES;
				CODE_SIGN_IDENTITY = "iPhone Developer";
				COPY_PHASE_STRIP = NO;
				CURRENT_PROJECT_VERSION = 1;
				DEBUG_INFORMATION_FORMAT = "dwarf-with-dsym";
				ENABLE_NS_ASSERTIONS = NO;
				ENABLE_STRICT_OBJC_MSGSEND = YES;
				GCC_C_LANGUAGE_STANDARD = gnu11;
				GCC_NO_COMMON_BLOCKS = YES;
				GCC_WARN_64_TO_32_BIT_CONVERSION = YES;
				GCC_WARN_ABOUT_RETURN_TYPE = YES_ERROR;
				GCC_WARN_UNDECLARED_SELECTOR = YES;
				GCC_WARN_UNINITIALIZED_AUTOS = YES_AGGRESSIVE;
				GCC_WARN_UNUSED_FUNCTION = YES;
				GCC_WARN_UNUSED_VARIABLE = YES;
				IPHONEOS_DEPLOYMENT_TARGET = 11.2;
				MTL_ENABLE_DEBUG_INFO = NO;
				SDKROOT = iphoneos;
				SWIFT_OPTIMIZATION_LEVEL = "-Owholemodule";
				VALIDATE_PRODUCT = YES;
				VERSIONING_SYSTEM = "apple-generic";
				VERSION_INFO_PREFIX = "";
			};
			name = Release;
		};
		97E0D3071FE9227300BC8177 /* Debug */ = {
			isa = XCBuildConfiguration;
			baseConfigurationReference = D9E09E0DE860B563CF270315 /* Pods-AnswersProvider.debug.xcconfig */;
			buildSettings = {
				CLANG_ENABLE_MODULES = YES;
				CODE_SIGN_IDENTITY = "";
				CODE_SIGN_STYLE = Automatic;
				DEFINES_MODULE = YES;
				DEVELOPMENT_TEAM = S2ELZC6Q3B;
				DYLIB_COMPATIBILITY_VERSION = 1;
				DYLIB_CURRENT_VERSION = 1;
				DYLIB_INSTALL_NAME_BASE = "@rpath";
				INFOPLIST_FILE = AnswersProvider/Info.plist;
				INSTALL_PATH = "$(LOCAL_LIBRARY_DIR)/Frameworks";
				LD_RUNPATH_SEARCH_PATHS = "$(inherited) @executable_path/Frameworks @loader_path/Frameworks";
				PRODUCT_BUNDLE_IDENTIFIER = com.drei.AnswersProvider;
				PRODUCT_NAME = "$(TARGET_NAME:c99extidentifier)";
				SKIP_INSTALL = YES;
				SWIFT_OPTIMIZATION_LEVEL = "-Onone";
				SWIFT_VERSION = 4.0;
				TARGETED_DEVICE_FAMILY = "1,2";
			};
			name = Debug;
		};
		97E0D3081FE9227300BC8177 /* Release */ = {
			isa = XCBuildConfiguration;
			baseConfigurationReference = 9877B265EDC2EF597BD36A76 /* Pods-AnswersProvider.release.xcconfig */;
			buildSettings = {
				CLANG_ENABLE_MODULES = YES;
				CODE_SIGN_IDENTITY = "";
				CODE_SIGN_STYLE = Automatic;
				DEFINES_MODULE = YES;
				DEVELOPMENT_TEAM = S2ELZC6Q3B;
				DYLIB_COMPATIBILITY_VERSION = 1;
				DYLIB_CURRENT_VERSION = 1;
				DYLIB_INSTALL_NAME_BASE = "@rpath";
				INFOPLIST_FILE = AnswersProvider/Info.plist;
				INSTALL_PATH = "$(LOCAL_LIBRARY_DIR)/Frameworks";
				LD_RUNPATH_SEARCH_PATHS = "$(inherited) @executable_path/Frameworks @loader_path/Frameworks";
				PRODUCT_BUNDLE_IDENTIFIER = com.drei.AnswersProvider;
				PRODUCT_NAME = "$(TARGET_NAME:c99extidentifier)";
				SKIP_INSTALL = YES;
				SWIFT_VERSION = 4.0;
				TARGETED_DEVICE_FAMILY = "1,2";
			};
			name = Release;
		};
		97E0D30A1FE9227300BC8177 /* Debug */ = {
			isa = XCBuildConfiguration;
			buildSettings = {
				ALWAYS_EMBED_SWIFT_STANDARD_LIBRARIES = YES;
				CODE_SIGN_STYLE = Automatic;
				DEVELOPMENT_TEAM = S2ELZC6Q3B;
				INFOPLIST_FILE = AnswersProviderTests/Info.plist;
				LD_RUNPATH_SEARCH_PATHS = "$(inherited) @executable_path/Frameworks @loader_path/Frameworks";
				PRODUCT_BUNDLE_IDENTIFIER = com.drei.AnswersProviderTests;
				PRODUCT_NAME = "$(TARGET_NAME)";
				SWIFT_VERSION = 4.0;
				TARGETED_DEVICE_FAMILY = "1,2";
			};
			name = Debug;
		};
		97E0D30B1FE9227300BC8177 /* Release */ = {
			isa = XCBuildConfiguration;
			buildSettings = {
				ALWAYS_EMBED_SWIFT_STANDARD_LIBRARIES = YES;
				CODE_SIGN_STYLE = Automatic;
				DEVELOPMENT_TEAM = S2ELZC6Q3B;
				INFOPLIST_FILE = AnswersProviderTests/Info.plist;
				LD_RUNPATH_SEARCH_PATHS = "$(inherited) @executable_path/Frameworks @loader_path/Frameworks";
				PRODUCT_BUNDLE_IDENTIFIER = com.drei.AnswersProviderTests;
				PRODUCT_NAME = "$(TARGET_NAME)";
				SWIFT_VERSION = 4.0;
				TARGETED_DEVICE_FAMILY = "1,2";
			};
			name = Release;
		};
/* End XCBuildConfiguration section */

/* Begin XCConfigurationList section */
		97E0D2EC1FE9227300BC8177 /* Build configuration list for PBXProject "AnswersProvider" */ = {
			isa = XCConfigurationList;
			buildConfigurations = (
				97E0D3041FE9227300BC8177 /* Debug */,
				97E0D3051FE9227300BC8177 /* Release */,
			);
			defaultConfigurationIsVisible = 0;
			defaultConfigurationName = Release;
		};
		97E0D3061FE9227300BC8177 /* Build configuration list for PBXNativeTarget "AnswersProvider" */ = {
			isa = XCConfigurationList;
			buildConfigurations = (
				97E0D3071FE9227300BC8177 /* Debug */,
				97E0D3081FE9227300BC8177 /* Release */,
			);
			defaultConfigurationIsVisible = 0;
			defaultConfigurationName = Release;
		};
		97E0D3091FE9227300BC8177 /* Build configuration list for PBXNativeTarget "AnswersProviderTests" */ = {
			isa = XCConfigurationList;
			buildConfigurations = (
				97E0D30A1FE9227300BC8177 /* Debug */,
				97E0D30B1FE9227300BC8177 /* Release */,
			);
			defaultConfigurationIsVisible = 0;
			defaultConfigurationName = Release;
		};
/* End XCConfigurationList section */
	};
	rootObject = 97E0D2E91FE9227300BC8177 /* Project object */;
}
